
Microsoft Visual Studio Solution File, Format Version 12.00
# Visual Studio Version 17
VisualStudioVersion = 17.10.34928.147
MinimumVisualStudioVersion = 10.0.40219.1
Project("{9A19103F-16F7-4668-BE54-9A1E7A4F7556}") = "NotificacaoColetaApi", "NotificacaoColetaApi.csproj", "{EF0238A9-67B8-462C-A5DB-795179C5F875}"
EndProject
Project("{9A19103F-16F7-4668-BE54-9A1E7A4F7556}") = "NotificacaoColetaApiTests", "..\NotificacaoColetaApiTests\NotificacaoColetaApiTests.csproj", "{058F6DEB-6575-434B-BD36-F0D778EE61A2}"
EndProject
Global
	GlobalSection(SolutionConfigurationPlatforms) = preSolution
		Debug|Any CPU = Debug|Any CPU
		Release|Any CPU = Release|Any CPU
	EndGlobalSection
	GlobalSection(ProjectConfigurationPlatforms) = postSolution
		{EF0238A9-67B8-462C-A5DB-795179C5F875}.Debug|Any CPU.ActiveCfg = Debug|Any CPU
		{EF0238A9-67B8-462C-A5DB-795179C5F875}.Debug|Any CPU.Build.0 = Debug|Any CPU
		{EF0238A9-67B8-462C-A5DB-795179C5F875}.Release|Any CPU.ActiveCfg = Release|Any CPU
		{EF0238A9-67B8-462C-A5DB-795179C5F875}.Release|Any CPU.Build.0 = Release|Any CPU
		{058F6DEB-6575-434B-BD36-F0D778EE61A2}.Debug|Any CPU.ActiveCfg = Debug|Any CPU
		{058F6DEB-6575-434B-BD36-F0D778EE61A2}.Debug|Any CPU.Build.0 = Debug|Any CPU
		{058F6DEB-6575-434B-BD36-F0D778EE61A2}.Release|Any CPU.ActiveCfg = Release|Any CPU
		{058F6DEB-6575-434B-BD36-F0D778EE61A2}.Release|Any CPU.Build.0 = Release|Any CPU
	EndGlobalSection
	GlobalSection(SolutionProperties) = preSolution
		HideSolutionNode = FALSE
	EndGlobalSection
	GlobalSection(ExtensibilityGlobals) = postSolution
		SolutionGuid = {F392ADAF-30B6-41B3-BCA6-332C80FDAB58}
	EndGlobalSection
EndGlobal
